
Microsoft Visual Studio Solution File, Format Version 12.00
# Visual Studio Version 16
VisualStudioVersion = 16.0.30709.132
MinimumVisualStudioVersion = 10.0.40219.1
Project("{FAE04EC0-301F-11D3-BF4B-00C04F79EFBC}") = "Christine_Kathleen_Racz_Lab6", "Christine_Kathleen_Racz_Lab6.csproj", "{CF1B9CC1-E38B-400A-BFCE-A85DC49734F9}"
EndProject
Project("{FAE04EC0-301F-11D3-BF4B-00C04F79EFBC}") = "AutoLotModel", "..\AutoLotModel\AutoLotModel.csproj", "{A04AC17C-5930-48C0-B275-C6A0DFA6F7D5}"
EndProject
Global
	GlobalSection(SolutionConfigurationPlatforms) = preSolution
		Debug|Any CPU = Debug|Any CPU
		Release|Any CPU = Release|Any CPU
	EndGlobalSection
	GlobalSection(ProjectConfigurationPlatforms) = postSolution
		{CF1B9CC1-E38B-400A-BFCE-A85DC49734F9}.Debug|Any CPU.ActiveCfg = Debug|Any CPU
		{CF1B9CC1-E38B-400A-BFCE-A85DC49734F9}.Debug|Any CPU.Build.0 = Debug|Any CPU
		{CF1B9CC1-E38B-400A-BFCE-A85DC49734F9}.Release|Any CPU.ActiveCfg = Release|Any CPU
		{CF1B9CC1-E38B-400A-BFCE-A85DC49734F9}.Release|Any CPU.Build.0 = Release|Any CPU
		{A04AC17C-5930-48C0-B275-C6A0DFA6F7D5}.Debug|Any CPU.ActiveCfg = Debug|Any CPU
		{A04AC17C-5930-48C0-B275-C6A0DFA6F7D5}.Debug|Any CPU.Build.0 = Debug|Any CPU
		{A04AC17C-5930-48C0-B275-C6A0DFA6F7D5}.Release|Any CPU.ActiveCfg = Release|Any CPU
		{A04AC17C-5930-48C0-B275-C6A0DFA6F7D5}.Release|Any CPU.Build.0 = Release|Any CPU
	EndGlobalSection
	GlobalSection(SolutionProperties) = preSolution
		HideSolutionNode = FALSE
	EndGlobalSection
	GlobalSection(ExtensibilityGlobals) = postSolution
		SolutionGuid = {80FD9A7C-E974-4BF7-A2E1-453772E9567C}
	EndGlobalSection
EndGlobal
